// !$*UTF8*$!
{
	archiveVersion = 1;
	classes = {
	};
	objectVersion = 56;
	objects = {

/* Begin PBXBuildFile section */
		0EB748BB291FFCCF00B69121 /* AppDelegate.swift in Sources */ = {isa = PBXBuildFile; fileRef = 0EB748BA291FFCCF00B69121 /* AppDelegate.swift */; };
		0EB748BD291FFCCF00B69121 /* SceneDelegate.swift in Sources */ = {isa = PBXBuildFile; fileRef = 0EB748BC291FFCCF00B69121 /* SceneDelegate.swift */; };
		0EB748BF291FFCCF00B69121 /* ViewController.swift in Sources */ = {isa = PBXBuildFile; fileRef = 0EB748BE291FFCCF00B69121 /* ViewController.swift */; };
		0EB748C2291FFCCF00B69121 /* Main.storyboard in Resources */ = {isa = PBXBuildFile; fileRef = 0EB748C0291FFCCF00B69121 /* Main.storyboard */; };
		0EB748C4291FFCD100B69121 /* Assets.xcassets in Resources */ = {isa = PBXBuildFile; fileRef = 0EB748C3291FFCD100B69121 /* Assets.xcassets */; };
		0EB748C7291FFCD100B69121 /* LaunchScreen.storyboard in Resources */ = {isa = PBXBuildFile; fileRef = 0EB748C5291FFCD100B69121 /* LaunchScreen.storyboard */; };
		0EB748D2291FFCD100B69121 /* Compound_InterestTests.swift in Sources */ = {isa = PBXBuildFile; fileRef = 0EB748D1291FFCD100B69121 /* Compound_InterestTests.swift */; };
		0EB748DC291FFCD100B69121 /* Compound_InterestUITests.swift in Sources */ = {isa = PBXBuildFile; fileRef = 0EB748DB291FFCD100B69121 /* Compound_InterestUITests.swift */; };
		0EB748DE291FFCD100B69121 /* Compound_InterestUITestsLaunchTests.swift in Sources */ = {isa = PBXBuildFile; fileRef = 0EB748DD291FFCD100B69121 /* Compound_InterestUITestsLaunchTests.swift */; };
/* End PBXBuildFile section */

/* Begin PBXContainerItemProxy section */
		0EB748CE291FFCD100B69121 /* PBXContainerItemProxy */ = {
			isa = PBXContainerItemProxy;
			containerPortal = 0EB748AF291FFCCF00B69121 /* Project object */;
			proxyType = 1;
			remoteGlobalIDString = 0EB748B6291FFCCF00B69121;
			remoteInfo = "Compound Interest";
		};
		0EB748D8291FFCD100B69121 /* PBXContainerItemProxy */ = {
			isa = PBXContainerItemProxy;
			containerPortal = 0EB748AF291FFCCF00B69121 /* Project object */;
			proxyType = 1;
			remoteGlobalIDString = 0EB748B6291FFCCF00B69121;
			remoteInfo = "Compound Interest";
		};
/* End PBXContainerItemProxy section */

/* Begin PBXFileReference section */
		0EB748B7291FFCCF00B69121 /* Compound Interest.app */ = {isa = PBXFileReference; explicitFileType = wrapper.application; includeInIndex = 0; path = "Compound Interest.app"; sourceTree = BUILT_PRODUCTS_DIR; };
		0EB748BA291FFCCF00B69121 /* AppDelegate.swift */ = {isa = PBXFileReference; lastKnownFileType = sourcecode.swift; path = AppDelegate.swift; sourceTree = "<group>"; };
		0EB748BC291FFCCF00B69121 /* SceneDelegate.swift */ = {isa = PBXFileReference; lastKnownFileType = sourcecode.swift; path = SceneDelegate.swift; sourceTree = "<group>"; };
		0EB748BE291FFCCF00B69121 /* ViewController.swift */ = {isa = PBXFileReference; lastKnownFileType = sourcecode.swift; path = ViewController.swift; sourceTree = "<group>"; };
		0EB748C1291FFCCF00B69121 /* Base */ = {isa = PBXFileReference; lastKnownFileType = file.storyboard; name = Base; path = Base.lproj/Main.storyboard; sourceTree = "<group>"; };
		0EB748C3291FFCD100B69121 /* Assets.xcassets */ = {isa = PBXFileReference; lastKnownFileType = folder.assetcatalog; path = Assets.xcassets; sourceTree = "<group>"; };
		0EB748C6291FFCD100B69121 /* Base */ = {isa = PBXFileReference; lastKnownFileType = file.storyboard; name = Base; path = Base.lproj/LaunchScreen.storyboard; sourceTree = "<group>"; };
		0EB748C8291FFCD100B69121 /* Info.plist */ = {isa = PBXFileReference; lastKnownFileType = text.plist.xml; path = Info.plist; sourceTree = "<group>"; };
		0EB748CD291FFCD100B69121 /* Compound InterestTests.xctest */ = {isa = PBXFileReference; explicitFileType = wrapper.cfbundle; includeInIndex = 0; path = "Compound InterestTests.xctest"; sourceTree = BUILT_PRODUCTS_DIR; };
		0EB748D1291FFCD100B69121 /* Compound_InterestTests.swift */ = {isa = PBXFileReference; lastKnownFileType = sourcecode.swift; path = Compound_InterestTests.swift; sourceTree = "<group>"; };
		0EB748D7291FFCD100B69121 /* Compound InterestUITests.xctest */ = {isa = PBXFileReference; explicitFileType = wrapper.cfbundle; includeInIndex = 0; path = "Compound InterestUITests.xctest"; sourceTree = BUILT_PRODUCTS_DIR; };
		0EB748DB291FFCD100B69121 /* Compound_InterestUITests.swift */ = {isa = PBXFileReference; lastKnownFileType = sourcecode.swift; path = Compound_InterestUITests.swift; sourceTree = "<group>"; };
		0EB748DD291FFCD100B69121 /* Compound_InterestUITestsLaunchTests.swift */ = {isa = PBXFileReference; lastKnownFileType = sourcecode.swift; path = Compound_InterestUITestsLaunchTests.swift; sourceTree = "<group>"; };
/* End PBXFileReference section */

/* Begin PBXFrameworksBuildPhase section */
		0EB748B4291FFCCF00B69121 /* Frameworks */ = {
			isa = PBXFrameworksBuildPhase;
			buildActionMask = 2147483647;
			files = (
			);
			runOnlyForDeploymentPostprocessing = 0;
		};
		0EB748CA291FFCD100B69121 /* Frameworks */ = {
			isa = PBXFrameworksBuildPhase;
			buildActionMask = 2147483647;
			files = (
			);
			runOnlyForDeploymentPostprocessing = 0;
		};
		0EB748D4291FFCD100B69121 /* Frameworks */ = {
			isa = PBXFrameworksBuildPhase;
			buildActionMask = 2147483647;
			files = (
			);
			runOnlyForDeploymentPostprocessing = 0;
		};
/* End PBXFrameworksBuildPhase section */

/* Begin PBXGroup section */
		0EB748AE291FFCCF00B69121 = {
			isa = PBXGroup;
			children = (
				0EB748B9291FFCCF00B69121 /* Compound Interest */,
				0EB748D0291FFCD100B69121 /* Compound InterestTests */,
				0EB748DA291FFCD100B69121 /* Compound InterestUITests */,
				0EB748B8291FFCCF00B69121 /* Products */,
			);
			sourceTree = "<group>";
		};
		0EB748B8291FFCCF00B69121 /* Products */ = {
			isa = PBXGroup;
			children = (
				0EB748B7291FFCCF00B69121 /* Compound Interest.app */,
				0EB748CD291FFCD100B69121 /* Compound InterestTests.xctest */,
				0EB748D7291FFCD100B69121 /* Compound InterestUITests.xctest */,
			);
			name = Products;
			sourceTree = "<group>";
		};
		0EB748B9291FFCCF00B69121 /* Compound Interest */ = {
			isa = PBXGroup;
			children = (
				0EB748BA291FFCCF00B69121 /* AppDelegate.swift */,
				0EB748BC291FFCCF00B69121 /* SceneDelegate.swift */,
				0EB748BE291FFCCF00B69121 /* ViewController.swift */,
				0EB748C0291FFCCF00B69121 /* Main.storyboard */,
				0EB748C3291FFCD100B69121 /* Assets.xcassets */,
				0EB748C5291FFCD100B69121 /* LaunchScreen.storyboard */,
				0EB748C8291FFCD100B69121 /* Info.plist */,
			);
			path = "Compound Interest";
			sourceTree = "<group>";
		};
		0EB748D0291FFCD100B69121 /* Compound InterestTests */ = {
			isa = PBXGroup;
			children = (
				0EB748D1291FFCD100B69121 /* Compound_InterestTests.swift */,
			);
			path = "Compound InterestTests";
			sourceTree = "<group>";
		};
		0EB748DA291FFCD100B69121 /* Compound InterestUITests */ = {
			isa = PBXGroup;
			children = (
				0EB748DB291FFCD100B69121 /* Compound_InterestUITests.swift */,
				0EB748DD291FFCD100B69121 /* Compound_InterestUITestsLaunchTests.swift */,
			);
			path = "Compound InterestUITests";
			sourceTree = "<group>";
		};
/* End PBXGroup section */

/* Begin PBXNativeTarget section */
		0EB748B6291FFCCF00B69121 /* Compound Interest */ = {
			isa = PBXNativeTarget;
			buildConfigurationList = 0EB748E1291FFCD100B69121 /* Build configuration list for PBXNativeTarget "Compound Interest" */;
			buildPhases = (
				0EB748B3291FFCCF00B69121 /* Sources */,
				0EB748B4291FFCCF00B69121 /* Frameworks */,
				0EB748B5291FFCCF00B69121 /* Resources */,
			);
			buildRules = (
			);
			dependencies = (
			);
			name = "Compound Interest";
			productName = "Compound Interest";
			productReference = 0EB748B7291FFCCF00B69121 /* Compound Interest.app */;
			productType = "com.apple.product-type.application";
		};
		0EB748CC291FFCD100B69121 /* Compound InterestTests */ = {
			isa = PBXNativeTarget;
			buildConfigurationList = 0EB748E4291FFCD100B69121 /* Build configuration list for PBXNativeTarget "Compound InterestTests" */;
			buildPhases = (
				0EB748C9291FFCD100B69121 /* Sources */,
				0EB748CA291FFCD100B69121 /* Frameworks */,
				0EB748CB291FFCD100B69121 /* Resources */,
			);
			buildRules = (
			);
			dependencies = (
				0EB748CF291FFCD100B69121 /* PBXTargetDependency */,
			);
			name = "Compound InterestTests";
			productName = "Compound InterestTests";
			productReference = 0EB748CD291FFCD100B69121 /* Compound InterestTests.xctest */;
			productType = "com.apple.product-type.bundle.unit-test";
		};
		0EB748D6291FFCD100B69121 /* Compound InterestUITests */ = {
			isa = PBXNativeTarget;
			buildConfigurationList = 0EB748E7291FFCD100B69121 /* Build configuration list for PBXNativeTarget "Compound InterestUITests" */;
			buildPhases = (
				0EB748D3291FFCD100B69121 /* Sources */,
				0EB748D4291FFCD100B69121 /* Frameworks */,
				0EB748D5291FFCD100B69121 /* Resources */,
			);
			buildRules = (
			);
			dependencies = (
				0EB748D9291FFCD100B69121 /* PBXTargetDependency */,
			);
			name = "Compound InterestUITests";
			productName = "Compound InterestUITests";
			productReference = 0EB748D7291FFCD100B69121 /* Compound InterestUITests.xctest */;
			productType = "com.apple.product-type.bundle.ui-testing";
		};
/* End PBXNativeTarget section */

/* Begin PBXProject section */
		0EB748AF291FFCCF00B69121 /* Project object */ = {
			isa = PBXProject;
			attributes = {
				BuildIndependentTargetsInParallel = 1;
				LastSwiftUpdateCheck = 1410;
				LastUpgradeCheck = 1410;
				TargetAttributes = {
					0EB748B6291FFCCF00B69121 = {
						CreatedOnToolsVersion = 14.1;
					};
					0EB748CC291FFCD100B69121 = {
						CreatedOnToolsVersion = 14.1;
						TestTargetID = 0EB748B6291FFCCF00B69121;
					};
					0EB748D6291FFCD100B69121 = {
						CreatedOnToolsVersion = 14.1;
						TestTargetID = 0EB748B6291FFCCF00B69121;
					};
				};
			};
			buildConfigurationList = 0EB748B2291FFCCF00B69121 /* Build configuration list for PBXProject "Compound Interest" */;
			compatibilityVersion = "Xcode 14.0";
			developmentRegion = en;
			hasScannedForEncodings = 0;
			knownRegions = (
				en,
				Base,
			);
			mainGroup = 0EB748AE291FFCCF00B69121;
			productRefGroup = 0EB748B8291FFCCF00B69121 /* Products */;
			projectDirPath = "";
			projectRoot = "";
			targets = (
				0EB748B6291FFCCF00B69121 /* Compound Interest */,
				0EB748CC291FFCD100B69121 /* Compound InterestTests */,
				0EB748D6291FFCD100B69121 /* Compound InterestUITests */,
			);
		};
/* End PBXProject section */

/* Begin PBXResourcesBuildPhase section */
		0EB748B5291FFCCF00B69121 /* Resources */ = {
			isa = PBXResourcesBuildPhase;
			buildActionMask = 2147483647;
			files = (
				0EB748C7291FFCD100B69121 /* LaunchScreen.storyboard in Resources */,
				0EB748C4291FFCD100B69121 /* Assets.xcassets in Resources */,
				0EB748C2291FFCCF00B69121 /* Main.storyboard in Resources */,
			);
			runOnlyForDeploymentPostprocessing = 0;
		};
		0EB748CB291FFCD100B69121 /* Resources */ = {
			isa = PBXResourcesBuildPhase;
			buildActionMask = 2147483647;
			files = (
			);
			runOnlyForDeploymentPostprocessing = 0;
		};
		0EB748D5291FFCD100B69121 /* Resources */ = {
			isa = PBXResourcesBuildPhase;
			buildActionMask = 2147483647;
			files = (
			);
			runOnlyForDeploymentPostprocessing = 0;
		};
/* End PBXResourcesBuildPhase section */

/* Begin PBXSourcesBuildPhase section */
		0EB748B3291FFCCF00B69121 /* Sources */ = {
			isa = PBXSourcesBuildPhase;
			buildActionMask = 2147483647;
			files = (
				0EB748BF291FFCCF00B69121 /* ViewController.swift in Sources */,
				0EB748BB291FFCCF00B69121 /* AppDelegate.swift in Sources */,
				0EB748BD291FFCCF00B69121 /* SceneDelegate.swift in Sources */,
			);
			runOnlyForDeploymentPostprocessing = 0;
		};
		0EB748C9291FFCD100B69121 /* Sources */ = {
			isa = PBXSourcesBuildPhase;
			buildActionMask = 2147483647;
			files = (
				0EB748D2291FFCD100B69121 /* Compound_InterestTests.swift in Sources */,
			);
			runOnlyForDeploymentPostprocessing = 0;
		};
		0EB748D3291FFCD100B69121 /* Sources */ = {
			isa = PBXSourcesBuildPhase;
			buildActionMask = 2147483647;
			files = (
				0EB748DC291FFCD100B69121 /* Compound_InterestUITests.swift in Sources */,
				0EB748DE291FFCD100B69121 /* Compound_InterestUITestsLaunchTests.swift in Sources */,
			);
			runOnlyForDeploymentPostprocessing = 0;
		};
/* End PBXSourcesBuildPhase section */

/* Begin PBXTargetDependency section */
		0EB748CF291FFCD100B69121 /* PBXTargetDependency */ = {
			isa = PBXTargetDependency;
			target = 0EB748B6291FFCCF00B69121 /* Compound Interest */;
			targetProxy = 0EB748CE291FFCD100B69121 /* PBXContainerItemProxy */;
		};
		0EB748D9291FFCD100B69121 /* PBXTargetDependency */ = {
			isa = PBXTargetDependency;
			target = 0EB748B6291FFCCF00B69121 /* Compound Interest */;
			targetProxy = 0EB748D8291FFCD100B69121 /* PBXContainerItemProxy */;
		};
/* End PBXTargetDependency section */

/* Begin PBXVariantGroup section */
		0EB748C0291FFCCF00B69121 /* Main.storyboard */ = {
			isa = PBXVariantGroup;
			children = (
				0EB748C1291FFCCF00B69121 /* Base */,
			);
			name = Main.storyboard;
			sourceTree = "<group>";
		};
		0EB748C5291FFCD100B69121 /* LaunchScreen.storyboard */ = {
			isa = PBXVariantGroup;
			children = (
				0EB748C6291FFCD100B69121 /* Base */,
			);
			name = LaunchScreen.storyboard;
			sourceTree = "<group>";
		};
/* End PBXVariantGroup section */

/* Begin XCBuildConfiguration section */
		0EB748DF291FFCD100B69121 /* Debug */ = {
			isa = XCBuildConfiguration;
			buildSettings = {
				ALWAYS_SEARCH_USER_PATHS = NO;
				CLANG_ANALYZER_NONNULL = YES;
				CLANG_ANALYZER_NUMBER_OBJECT_CONVERSION = YES_AGGRESSIVE;
				CLANG_CXX_LANGUAGE_STANDARD = "gnu++20";
				CLANG_ENABLE_MODULES = YES;
				CLANG_ENABLE_OBJC_ARC = YES;
				CLANG_ENABLE_OBJC_WEAK = YES;
				CLANG_WARN_BLOCK_CAPTURE_AUTORELEASING = YES;
				CLANG_WARN_BOOL_CONVERSION = YES;
				CLANG_WARN_COMMA = YES;
				CLANG_WARN_CONSTANT_CONVERSION = YES;
				CLANG_WARN_DEPRECATED_OBJC_IMPLEMENTATIONS = YES;
				CLANG_WARN_DIRECT_OBJC_ISA_USAGE = YES_ERROR;
				CLANG_WARN_DOCUMENTATION_COMMENTS = YES;
				CLANG_WARN_EMPTY_BODY = YES;
				CLANG_WARN_ENUM_CONVERSION = YES;
				CLANG_WARN_INFINITE_RECURSION = YES;
				CLANG_WARN_INT_CONVERSION = YES;
				CLANG_WARN_NON_LITERAL_NULL_CONVERSION = YES;
				CLANG_WARN_OBJC_IMPLICIT_RETAIN_SELF = YES;
				CLANG_WARN_OBJC_LITERAL_CONVERSION = YES;
				CLANG_WARN_OBJC_ROOT_CLASS = YES_ERROR;
				CLANG_WARN_QUOTED_INCLUDE_IN_FRAMEWORK_HEADER = YES;
				CLANG_WARN_RANGE_LOOP_ANALYSIS = YES;
				CLANG_WARN_STRICT_PROTOTYPES = YES;
				CLANG_WARN_SUSPICIOUS_MOVE = YES;
				CLANG_WARN_UNGUARDED_AVAILABILITY = YES_AGGRESSIVE;
				CLANG_WARN_UNREACHABLE_CODE = YES;
				CLANG_WARN__DUPLICATE_METHOD_MATCH = YES;
				COPY_PHASE_STRIP = NO;
				DEBUG_INFORMATION_FORMAT = dwarf;
				ENABLE_STRICT_OBJC_MSGSEND = YES;
				ENABLE_TESTABILITY = YES;
				GCC_C_LANGUAGE_STANDARD = gnu11;
				GCC_DYNAMIC_NO_PIC = NO;
				GCC_NO_COMMON_BLOCKS = YES;
				GCC_OPTIMIZATION_LEVEL = 0;
				GCC_PREPROCESSOR_DEFINITIONS = (
					"DEBUG=1",
					"$(inherited)",
				);
				GCC_WARN_64_TO_32_BIT_CONVERSION = YES;
				GCC_WARN_ABOUT_RETURN_TYPE = YES_ERROR;
				GCC_WARN_UNDECLARED_SELECTOR = YES;
				GCC_WARN_UNINITIALIZED_AUTOS = YES_AGGRESSIVE;
				GCC_WARN_UNUSED_FUNCTION = YES;
				GCC_WARN_UNUSED_VARIABLE = YES;
				IPHONEOS_DEPLOYMENT_TARGET = 16.1;
				MTL_ENABLE_DEBUG_INFO = INCLUDE_SOURCE;
				MTL_FAST_MATH = YES;
				ONLY_ACTIVE_ARCH = YES;
				SDKROOT = iphoneos;
				SWIFT_ACTIVE_COMPILATION_CONDITIONS = DEBUG;
				SWIFT_OPTIMIZATION_LEVEL = "-Onone";
			};
			name = Debug;
		};
		0EB748E0291FFCD100B69121 /* Release */ = {
			isa = XCBuildConfiguration;
			buildSettings = {
				ALWAYS_SEARCH_USER_PATHS = NO;
				CLANG_ANALYZER_NONNULL = YES;
				CLANG_ANALYZER_NUMBER_OBJECT_CONVERSION = YES_AGGRESSIVE;
				CLANG_CXX_LANGUAGE_STANDARD = "gnu++20";
				CLANG_ENABLE_MODULES = YES;
				CLANG_ENABLE_OBJC_ARC = YES;
				CLANG_ENABLE_OBJC_WEAK = YES;
				CLANG_WARN_BLOCK_CAPTURE_AUTORELEASING = YES;
				CLANG_WARN_BOOL_CONVERSION = YES;
				CLANG_WARN_COMMA = YES;
				CLANG_WARN_CONSTANT_CONVERSION = YES;
				CLANG_WARN_DEPRECATED_OBJC_IMPLEMENTATIONS = YES;
				CLANG_WARN_DIRECT_OBJC_ISA_USAGE = YES_ERROR;
				CLANG_WARN_DOCUMENTATION_COMMENTS = YES;
				CLANG_WARN_EMPTY_BODY = YES;
				CLANG_WARN_ENUM_CONVERSION = YES;
				CLANG_WARN_INFINITE_RECURSION = YES;
				CLANG_WARN_INT_CONVERSION = YES;
				CLANG_WARN_NON_LITERAL_NULL_CONVERSION = YES;
				CLANG_WARN_OBJC_IMPLICIT_RETAIN_SELF = YES;
				CLANG_WARN_OBJC_LITERAL_CONVERSION = YES;
				CLANG_WARN_OBJC_ROOT_CLASS = YES_ERROR;
				CLANG_WARN_QUOTED_INCLUDE_IN_FRAMEWORK_HEADER = YES;
				CLANG_WARN_RANGE_LOOP_ANALYSIS = YES;
				CLANG_WARN_STRICT_PROTOTYPES = YES;
				CLANG_WARN_SUSPICIOUS_MOVE = YES;
				CLANG_WARN_UNGUARDED_AVAILABILITY = YES_AGGRESSIVE;
				CLANG_WARN_UNREACHABLE_CODE = YES;
				CLANG_WARN__DUPLICATE_METHOD_MATCH = YES;
				COPY_PHASE_STRIP = NO;
				DEBUG_INFORMATION_FORMAT = "dwarf-with-dsym";
				ENABLE_NS_ASSERTIONS = NO;
				ENABLE_STRICT_OBJC_MSGSEND = YES;
				GCC_C_LANGUAGE_STANDARD = gnu11;
				GCC_NO_COMMON_BLOCKS = YES;
				GCC_WARN_64_TO_32_BIT_CONVERSION = YES;
				GCC_WARN_ABOUT_RETURN_TYPE = YES_ERROR;
				GCC_WARN_UNDECLARED_SELECTOR = YES;
				GCC_WARN_UNINITIALIZED_AUTOS = YES_AGGRESSIVE;
				GCC_WARN_UNUSED_FUNCTION = YES;
				GCC_WARN_UNUSED_VARIABLE = YES;
				IPHONEOS_DEPLOYMENT_TARGET = 16.1;
				MTL_ENABLE_DEBUG_INFO = NO;
				MTL_FAST_MATH = YES;
				SDKROOT = iphoneos;
				SWIFT_COMPILATION_MODE = wholemodule;
				SWIFT_OPTIMIZATION_LEVEL = "-O";
				VALIDATE_PRODUCT = YES;
			};
			name = Release;
		};
		0EB748E2291FFCD100B69121 /* Debug */ = {
			isa = XCBuildConfiguration;
			buildSettings = {
				ASSETCATALOG_COMPILER_APPICON_NAME = AppIcon;
				ASSETCATALOG_COMPILER_GLOBAL_ACCENT_COLOR_NAME = AccentColor;
				CODE_SIGN_STYLE = Automatic;
				CURRENT_PROJECT_VERSION = 1;
				GENERATE_INFOPLIST_FILE = YES;
				INFOPLIST_FILE = "Compound Interest/Info.plist";
				INFOPLIST_KEY_UIApplicationSupportsIndirectInputEvents = YES;
				INFOPLIST_KEY_UILaunchStoryboardName = LaunchScreen;
				INFOPLIST_KEY_UIMainStoryboardFile = Main;
				INFOPLIST_KEY_UISupportedInterfaceOrientations_iPad = "UIInterfaceOrientationPortrait UIInterfaceOrientationPortraitUpsideDown UIInterfaceOrientationLandscapeLeft UIInterfaceOrientationLandscapeRight";
				INFOPLIST_KEY_UISupportedInterfaceOrientations_iPhone = "UIInterfaceOrientationPortrait UIInterfaceOrientationLandscapeLeft UIInterfaceOrientationLandscapeRight";
				LD_RUNPATH_SEARCH_PATHS = (
					"$(inherited)",
					"@executable_path/Frameworks",
				);
				MARKETING_VERSION = 1.0;
				PRODUCT_BUNDLE_IDENTIFIER = "com.krina.Compound-Interest";
				PRODUCT_NAME = "$(TARGET_NAME)";
				SWIFT_EMIT_LOC_STRINGS = YES;
				SWIFT_VERSION = 5.0;
				TARGETED_DEVICE_FAMILY = "1,2";
			};
			name = Debug;
		};
		0EB748E3291FFCD100B69121 /* Release */ = {
			isa = XCBuildConfiguration;
			buildSettings = {
				ASSETCATALOG_COMPILER_APPICON_NAME = AppIcon;
				ASSETCATALOG_COMPILER_GLOBAL_ACCENT_COLOR_NAME = AccentColor;
				CODE_SIGN_STYLE = Automatic;
				CURRENT_PROJECT_VERSION = 1;
				GENERATE_INFOPLIST_FILE = YES;
				INFOPLIST_FILE = "Compound Interest/Info.plist";
				INFOPLIST_KEY_UIApplicationSupportsIndirectInputEvents = YES;
				INFOPLIST_KEY_UILaunchStoryboardName = LaunchScreen;
				INFOPLIST_KEY_UIMainStoryboardFile = Main;
				INFOPLIST_KEY_UISupportedInterfaceOrientations_iPad = "UIInterfaceOrientationPortrait UIInterfaceOrientationPortraitUpsideDown UIInterfaceOrientationLandscapeLeft UIInterfaceOrientationLandscapeRight";
				INFOPLIST_KEY_UISupportedInterfaceOrientations_iPhone = "UIInterfaceOrientationPortrait UIInterfaceOrientationLandscapeLeft UIInterfaceOrientationLandscapeRight";
				LD_RUNPATH_SEARCH_PATHS = (
					"$(inherited)",
					"@executable_path/Frameworks",
				);
				MARKETING_VERSION = 1.0;
				PRODUCT_BUNDLE_IDENTIFIER = "com.krina.Compound-Interest";
				PRODUCT_NAME = "$(TARGET_NAME)";
				SWIFT_EMIT_LOC_STRINGS = YES;
				SWIFT_VERSION = 5.0;
				TARGETED_DEVICE_FAMILY = "1,2";
			};
			name = Release;
		};
		0EB748E5291FFCD100B69121 /* Debug */ = {
			isa = XCBuildConfiguration;
			buildSettings = {
				ALWAYS_EMBED_SWIFT_STANDARD_LIBRARIES = YES;
				BUNDLE_LOADER = "$(TEST_HOST)";
				CODE_SIGN_STYLE = Automatic;
				CURRENT_PROJECT_VERSION = 1;
				GENERATE_INFOPLIST_FILE = YES;
				IPHONEOS_DEPLOYMENT_TARGET = 16.1;
				MARKETING_VERSION = 1.0;
				PRODUCT_BUNDLE_IDENTIFIER = "com.krina.Compound-InterestTests";
				PRODUCT_NAME = "$(TARGET_NAME)";
				SWIFT_EMIT_LOC_STRINGS = NO;
				SWIFT_VERSION = 5.0;
				TARGETED_DEVICE_FAMILY = "1,2";
				TEST_HOST = "$(BUILT_PRODUCTS_DIR)/Compound Interest.app/$(BUNDLE_EXECUTABLE_FOLDER_PATH)/Compound Interest";
			};
			name = Debug;
		};
		0EB748E6291FFCD100B69121 /* Release */ = {
			isa = XCBuildConfiguration;
			buildSettings = {
				ALWAYS_EMBED_SWIFT_STANDARD_LIBRARIES = YES;
				BUNDLE_LOADER = "$(TEST_HOST)";
				CODE_SIGN_STYLE = Automatic;
				CURRENT_PROJECT_VERSION = 1;
				GENERATE_INFOPLIST_FILE = YES;
				IPHONEOS_DEPLOYMENT_TARGET = 16.1;
				MARKETING_VERSION = 1.0;
				PRODUCT_BUNDLE_IDENTIFIER = "com.krina.Compound-InterestTests";
				PRODUCT_NAME = "$(TARGET_NAME)";
				SWIFT_EMIT_LOC_STRINGS = NO;
				SWIFT_VERSION = 5.0;
				TARGETED_DEVICE_FAMILY = "1,2";
				TEST_HOST = "$(BUILT_PRODUCTS_DIR)/Compound Interest.app/$(BUNDLE_EXECUTABLE_FOLDER_PATH)/Compound Interest";
			};
			name = Release;
		};
		0EB748E8291FFCD100B69121 /* Debug */ = {
			isa = XCBuildConfiguration;
			buildSettings = {
				ALWAYS_EMBED_SWIFT_STANDARD_LIBRARIES = YES;
				CODE_SIGN_STYLE = Automatic;
				CURRENT_PROJECT_VERSION = 1;
				GENERATE_INFOPLIST_FILE = YES;
				MARKETING_VERSION = 1.0;
				PRODUCT_BUNDLE_IDENTIFIER = "com.krina.Compound-InterestUITests";
				PRODUCT_NAME = "$(TARGET_NAME)";
				SWIFT_EMIT_LOC_STRINGS = NO;
				SWIFT_VERSION = 5.0;
				TARGETED_DEVICE_FAMILY = "1,2";
				TEST_TARGET_NAME = "Compound Interest";
			};
			name = Debug;
		};
		0EB748E9291FFCD100B69121 /* Release */ = {
			isa = XCBuildConfiguration;
			buildSettings = {
				ALWAYS_EMBED_SWIFT_STANDARD_LIBRARIES = YES;
				CODE_SIGN_STYLE = Automatic;
				CURRENT_PROJECT_VERSION = 1;
				GENERATE_INFOPLIST_FILE = YES;
				MARKETING_VERSION = 1.0;
				PRODUCT_BUNDLE_IDENTIFIER = "com.krina.Compound-InterestUITests";
				PRODUCT_NAME = "$(TARGET_NAME)";
				SWIFT_EMIT_LOC_STRINGS = NO;
				SWIFT_VERSION = 5.0;
				TARGETED_DEVICE_FAMILY = "1,2";
				TEST_TARGET_NAME = "Compound Interest";
			};
			name = Release;
		};
/* End XCBuildConfiguration section */

/* Begin XCConfigurationList section */
		0EB748B2291FFCCF00B69121 /* Build configuration list for PBXProject "Compound Interest" */ = {
			isa = XCConfigurationList;
			buildConfigurations = (
				0EB748DF291FFCD100B69121 /* Debug */,
				0EB748E0291FFCD100B69121 /* Release */,
			);
			defaultConfigurationIsVisible = 0;
			defaultConfigurationName = Release;
		};
		0EB748E1291FFCD100B69121 /* Build configuration list for PBXNativeTarget "Compound Interest" */ = {
			isa = XCConfigurationList;
			buildConfigurations = (
				0EB748E2291FFCD100B69121 /* Debug */,
				0EB748E3291FFCD100B69121 /* Release */,
			);
			defaultConfigurationIsVisible = 0;
			defaultConfigurationName = Release;
		};
		0EB748E4291FFCD100B69121 /* Build configuration list for PBXNativeTarget "Compound InterestTests" */ = {
			isa = XCConfigurationList;
			buildConfigurations = (
				0EB748E5291FFCD100B69121 /* Debug */,
				0EB748E6291FFCD100B69121 /* Release */,
			);
			defaultConfigurationIsVisible = 0;
			defaultConfigurationName = Release;
		};
		0EB748E7291FFCD100B69121 /* Build configuration list for PBXNativeTarget "Compound InterestUITests" */ = {
			isa = XCConfigurationList;
			buildConfigurations = (
				0EB748E8291FFCD100B69121 /* Debug */,
				0EB748E9291FFCD100B69121 /* Release */,
			);
			defaultConfigurationIsVisible = 0;
			defaultConfigurationName = Release;
		};
/* End XCConfigurationList section */
	};
	rootObject = 0EB748AF291FFCCF00B69121 /* Project object */;
}
